
Microsoft Visual Studio Solution File, Format Version 12.00
# Visual Studio Version 17
VisualStudioVersion = 17.3.32901.215
MinimumVisualStudioVersion = 10.0.40219.1
Project("{FAE04EC0-301F-11D3-BF4B-00C04F79EFBC}") = "DataAccess", "DataAccess\DataAccess.csproj", "{82EBFC8C-C3F6-44F8-AFBF-A278673F3583}"
EndProject
Project("{FAE04EC0-301F-11D3-BF4B-00C04F79EFBC}") = "Business", "Business\Business.csproj", "{C3993F1C-3385-4691-B72B-30CE40976DCB}"
EndProject
Project("{FAE04EC0-301F-11D3-BF4B-00C04F79EFBC}") = "Entities", "Entities\Entities.csproj", "{BB301C70-F0B1-4874-AAC6-1E8BFBAFB0ED}"
EndProject
Project("{9A19103F-16F7-4668-BE54-9A1E7A4F7556}") = "EShopyy", "EShopyy\EShopyy.csproj", "{6551BB9F-FAF1-4829-BAC0-CC4F47962DC7}"
EndProject
Project("{FAE04EC0-301F-11D3-BF4B-00C04F79EFBC}") = "Core", "Core\Core.csproj", "{80F851AE-1799-4E8F-90AE-B4018097341A}"
EndProject
Global
	GlobalSection(SolutionConfigurationPlatforms) = preSolution
		Debug|Any CPU = Debug|Any CPU
		Release|Any CPU = Release|Any CPU
	EndGlobalSection
	GlobalSection(ProjectConfigurationPlatforms) = postSolution
		{82EBFC8C-C3F6-44F8-AFBF-A278673F3583}.Debug|Any CPU.ActiveCfg = Debug|Any CPU
		{82EBFC8C-C3F6-44F8-AFBF-A278673F3583}.Debug|Any CPU.Build.0 = Debug|Any CPU
		{82EBFC8C-C3F6-44F8-AFBF-A278673F3583}.Release|Any CPU.ActiveCfg = Release|Any CPU
		{82EBFC8C-C3F6-44F8-AFBF-A278673F3583}.Release|Any CPU.Build.0 = Release|Any CPU
		{C3993F1C-3385-4691-B72B-30CE40976DCB}.Debug|Any CPU.ActiveCfg = Debug|Any CPU
		{C3993F1C-3385-4691-B72B-30CE40976DCB}.Debug|Any CPU.Build.0 = Debug|Any CPU
		{C3993F1C-3385-4691-B72B-30CE40976DCB}.Release|Any CPU.ActiveCfg = Release|Any CPU
		{C3993F1C-3385-4691-B72B-30CE40976DCB}.Release|Any CPU.Build.0 = Release|Any CPU
		{BB301C70-F0B1-4874-AAC6-1E8BFBAFB0ED}.Debug|Any CPU.ActiveCfg = Debug|Any CPU
		{BB301C70-F0B1-4874-AAC6-1E8BFBAFB0ED}.Debug|Any CPU.Build.0 = Debug|Any CPU
		{BB301C70-F0B1-4874-AAC6-1E8BFBAFB0ED}.Release|Any CPU.ActiveCfg = Release|Any CPU
		{BB301C70-F0B1-4874-AAC6-1E8BFBAFB0ED}.Release|Any CPU.Build.0 = Release|Any CPU
		{6551BB9F-FAF1-4829-BAC0-CC4F47962DC7}.Debug|Any CPU.ActiveCfg = Debug|Any CPU
		{6551BB9F-FAF1-4829-BAC0-CC4F47962DC7}.Debug|Any CPU.Build.0 = Debug|Any CPU
		{6551BB9F-FAF1-4829-BAC0-CC4F47962DC7}.Release|Any CPU.ActiveCfg = Release|Any CPU
		{6551BB9F-FAF1-4829-BAC0-CC4F47962DC7}.Release|Any CPU.Build.0 = Release|Any CPU
		{80F851AE-1799-4E8F-90AE-B4018097341A}.Debug|Any CPU.ActiveCfg = Debug|Any CPU
		{80F851AE-1799-4E8F-90AE-B4018097341A}.Debug|Any CPU.Build.0 = Debug|Any CPU
		{80F851AE-1799-4E8F-90AE-B4018097341A}.Release|Any CPU.ActiveCfg = Release|Any CPU
		{80F851AE-1799-4E8F-90AE-B4018097341A}.Release|Any CPU.Build.0 = Release|Any CPU
	EndGlobalSection
	GlobalSection(SolutionProperties) = preSolution
		HideSolutionNode = FALSE
	EndGlobalSection
	GlobalSection(ExtensibilityGlobals) = postSolution
		SolutionGuid = {BDCC5D2C-214B-40F9-B9C1-21F021FBA5ED}
	EndGlobalSection
EndGlobal
